// !$*UTF8*$!
{
	archiveVersion = 1;
	classes = {
	};
	objectVersion = 56;
	objects = {

/* Begin PBXBuildFile section */
		20CE73BDD3F7CE8906039759 /* Pods_CabifyMobileChallengeTests.framework in Frameworks */ = {isa = PBXBuildFile; fileRef = B493F300B8240393F7CC4C1B /* Pods_CabifyMobileChallengeTests.framework */; };
		FE24145429BA41B400CE63F4 /* PackDiscount.swift in Sources */ = {isa = PBXBuildFile; fileRef = FE24145329BA41B400CE63F4 /* PackDiscount.swift */; };
		FE24145629BA442E00CE63F4 /* BulkDiscount.swift in Sources */ = {isa = PBXBuildFile; fileRef = FE24145529BA442E00CE63F4 /* BulkDiscount.swift */; };
		FE24145829BA44A800CE63F4 /* ProductsRepositoryImpl.swift in Sources */ = {isa = PBXBuildFile; fileRef = FE24145729BA44A800CE63F4 /* ProductsRepositoryImpl.swift */; };
		FE24145B29BA44E000CE63F4 /* ProductsRepository.swift in Sources */ = {isa = PBXBuildFile; fileRef = FE24145A29BA44E000CE63F4 /* ProductsRepository.swift */; };
		FE24145D29BA453500CE63F4 /* Product.swift in Sources */ = {isa = PBXBuildFile; fileRef = FE24145C29BA453500CE63F4 /* Product.swift */; };
		FE24145F29BA45EF00CE63F4 /* ProductType.swift in Sources */ = {isa = PBXBuildFile; fileRef = FE24145E29BA45EF00CE63F4 /* ProductType.swift */; };
		FE24146129BA484A00CE63F4 /* Factory.swift in Sources */ = {isa = PBXBuildFile; fileRef = FE24146029BA484A00CE63F4 /* Factory.swift */; };
		FE24146329BA48A600CE63F4 /* ProductsApiDataSource.swift in Sources */ = {isa = PBXBuildFile; fileRef = FE24146229BA48A600CE63F4 /* ProductsApiDataSource.swift */; };
		FE24146529BA48B900CE63F4 /* ProductsDataSource.swift in Sources */ = {isa = PBXBuildFile; fileRef = FE24146429BA48B900CE63F4 /* ProductsDataSource.swift */; };
		FE24146729BA49C600CE63F4 /* DtoMapper.swift in Sources */ = {isa = PBXBuildFile; fileRef = FE24146629BA49C600CE63F4 /* DtoMapper.swift */; };
		FE24146929BA4A3100CE63F4 /* ProductListDto.swift in Sources */ = {isa = PBXBuildFile; fileRef = FE24146829BA4A3100CE63F4 /* ProductListDto.swift */; };
		FE24146F29BA4F6700CE63F4 /* LoadProductsUseCaseImpl.swift in Sources */ = {isa = PBXBuildFile; fileRef = FE24146E29BA4F6700CE63F4 /* LoadProductsUseCaseImpl.swift */; };
		FE24147129BA533E00CE63F4 /* AppCoordinator.swift in Sources */ = {isa = PBXBuildFile; fileRef = FE24147029BA533E00CE63F4 /* AppCoordinator.swift */; };
		FE24147329BA535B00CE63F4 /* MainCoordinator.swift in Sources */ = {isa = PBXBuildFile; fileRef = FE24147229BA535B00CE63F4 /* MainCoordinator.swift */; };
		FE24147729BA543E00CE63F4 /* ProductListView.swift in Sources */ = {isa = PBXBuildFile; fileRef = FE24147629BA543E00CE63F4 /* ProductListView.swift */; };
		FE24147929BA54FC00CE63F4 /* ProductListViewModel.swift in Sources */ = {isa = PBXBuildFile; fileRef = FE24147829BA54FC00CE63F4 /* ProductListViewModel.swift */; };
		FE24147B29BA557C00CE63F4 /* ScreenStatus.swift in Sources */ = {isa = PBXBuildFile; fileRef = FE24147A29BA557C00CE63F4 /* ScreenStatus.swift */; };
		FE24147D29BA55A600CE63F4 /* ProductUIModel.swift in Sources */ = {isa = PBXBuildFile; fileRef = FE24147C29BA55A600CE63F4 /* ProductUIModel.swift */; };
		FE24147F29BA5B7D00CE63F4 /* CheckoutView.swift in Sources */ = {isa = PBXBuildFile; fileRef = FE24147E29BA5B7D00CE63F4 /* CheckoutView.swift */; };
		FE24148129BA5B8500CE63F4 /* CheckoutViewModel.swift in Sources */ = {isa = PBXBuildFile; fileRef = FE24148029BA5B8500CE63F4 /* CheckoutViewModel.swift */; };
		FE24148429BA940100CE63F4 /* CurrencyUtils.swift in Sources */ = {isa = PBXBuildFile; fileRef = FE24148329BA940100CE63F4 /* CurrencyUtils.swift */; };
		FE24148629BA963800CE63F4 /* Order.swift in Sources */ = {isa = PBXBuildFile; fileRef = FE24148529BA963800CE63F4 /* Order.swift */; };
		FE24148829BA965C00CE63F4 /* OrderItem.swift in Sources */ = {isa = PBXBuildFile; fileRef = FE24148729BA965C00CE63F4 /* OrderItem.swift */; };
		FE6C2EEFA8B2D6973165CED1 /* Pods_CabifyMobileChallenge.framework in Frameworks */ = {isa = PBXBuildFile; fileRef = F6F1FC5845792A6E1DA531B8 /* Pods_CabifyMobileChallenge.framework */; };
		FEBFF2C229BC9E4F0056E397 /* Mocks.swift in Sources */ = {isa = PBXBuildFile; fileRef = FEBFF2C129BC9E4F0056E397 /* Mocks.swift */; };
		FEBFF2C529BC9F5E0056E397 /* ObjectMother.swift in Sources */ = {isa = PBXBuildFile; fileRef = FEBFF2C329BC9E970056E397 /* ObjectMother.swift */; };
		FEBFF2C629BC9FB50056E397 /* CabifyError.swift in Sources */ = {isa = PBXBuildFile; fileRef = FEF3736D29B7FAF600291A19 /* CabifyError.swift */; };
		FEBFF2C729BC9FC60056E397 /* OrderLocalDataSource.swift in Sources */ = {isa = PBXBuildFile; fileRef = FEE0177D29BBE88C003D8E17 /* OrderLocalDataSource.swift */; };
		FEBFF2C829BC9FC60056E397 /* ProductsApiDataSource.swift in Sources */ = {isa = PBXBuildFile; fileRef = FE24146229BA48A600CE63F4 /* ProductsApiDataSource.swift */; };
		FEBFF2C929BC9FC60056E397 /* OrderDataSource.swift in Sources */ = {isa = PBXBuildFile; fileRef = FEE0177B29BBE832003D8E17 /* OrderDataSource.swift */; };
		FEBFF2CA29BC9FC60056E397 /* OrderRepositoryImpl.swift in Sources */ = {isa = PBXBuildFile; fileRef = FEE0177929BBE7E4003D8E17 /* OrderRepositoryImpl.swift */; };
		FEBFF2CB29BC9FC60056E397 /* ApiClient.swift in Sources */ = {isa = PBXBuildFile; fileRef = FEF3736929B7FA0400291A19 /* ApiClient.swift */; };
		FEBFF2CC29BC9FC60056E397 /* ProductsRepositoryImpl.swift in Sources */ = {isa = PBXBuildFile; fileRef = FE24145729BA44A800CE63F4 /* ProductsRepositoryImpl.swift */; };
		FEBFF2CD29BC9FC60056E397 /* ProductsDataSource.swift in Sources */ = {isa = PBXBuildFile; fileRef = FE24146429BA48B900CE63F4 /* ProductsDataSource.swift */; };
		FEBFF2CE29BC9FCE0056E397 /* ProductsRepository.swift in Sources */ = {isa = PBXBuildFile; fileRef = FE24145A29BA44E000CE63F4 /* ProductsRepository.swift */; };
		FEBFF2CF29BC9FCE0056E397 /* GetDiscountsOfOrderItemUseCase.swift in Sources */ = {isa = PBXBuildFile; fileRef = FEE0178929BC0466003D8E17 /* GetDiscountsOfOrderItemUseCase.swift */; };
		FEBFF2D029BC9FCE0056E397 /* LoadOrderUseCaseImpl.swift in Sources */ = {isa = PBXBuildFile; fileRef = FEE0178129BBF2BC003D8E17 /* LoadOrderUseCaseImpl.swift */; };
		FEBFF2D129BC9FCE0056E397 /* SaveOrderUseCaseImpl.swift in Sources */ = {isa = PBXBuildFile; fileRef = FEE0177429BBE416003D8E17 /* SaveOrderUseCaseImpl.swift */; };
		FEBFF2D229BC9FCE0056E397 /* OrderRepository.swift in Sources */ = {isa = PBXBuildFile; fileRef = FEE0177729BBE77A003D8E17 /* OrderRepository.swift */; };
		FEBFF2D329BC9FCE0056E397 /* LoadProductsUseCaseImpl.swift in Sources */ = {isa = PBXBuildFile; fileRef = FE24146E29BA4F6700CE63F4 /* LoadProductsUseCaseImpl.swift */; };
		FEBFF2D429BC9FE50056E397 /* OrderItemDiscount.swift in Sources */ = {isa = PBXBuildFile; fileRef = FEE0178729BC03F9003D8E17 /* OrderItemDiscount.swift */; };
		FEBFF2D529BC9FE50056E397 /* DiscountStrategy.swift in Sources */ = {isa = PBXBuildFile; fileRef = FED58F1E29BB7E0A00016CF9 /* DiscountStrategy.swift */; };
		FEBFF2D629BC9FE50056E397 /* Order.swift in Sources */ = {isa = PBXBuildFile; fileRef = FE24148529BA963800CE63F4 /* Order.swift */; };
		FEBFF2D729BC9FE50056E397 /* OrderItem.swift in Sources */ = {isa = PBXBuildFile; fileRef = FE24148729BA965C00CE63F4 /* OrderItem.swift */; };
		FEBFF2D829BC9FE50056E397 /* ProductType.swift in Sources */ = {isa = PBXBuildFile; fileRef = FE24145E29BA45EF00CE63F4 /* ProductType.swift */; };
		FEBFF2D929BC9FE50056E397 /* Product.swift in Sources */ = {isa = PBXBuildFile; fileRef = FE24145C29BA453500CE63F4 /* Product.swift */; };
		FEBFF2DB29BCA14B0056E397 /* UrlSessionApiClientSpec.swift in Sources */ = {isa = PBXBuildFile; fileRef = FEBFF2DA29BCA14B0056E397 /* UrlSessionApiClientSpec.swift */; };
		FEBFF2DC29BCA18A0056E397 /* ProductDto.swift in Sources */ = {isa = PBXBuildFile; fileRef = FEF3736F29B7FB3500291A19 /* ProductDto.swift */; };
		FEBFF2DD29BCA18A0056E397 /* ProductListDto.swift in Sources */ = {isa = PBXBuildFile; fileRef = FE24146829BA4A3100CE63F4 /* ProductListDto.swift */; };
		FEBFF2DE29BCA18A0056E397 /* DtoMapper.swift in Sources */ = {isa = PBXBuildFile; fileRef = FE24146629BA49C600CE63F4 /* DtoMapper.swift */; };
		FEBFF2DF29BCA18A0056E397 /* LocalMapper.swift in Sources */ = {isa = PBXBuildFile; fileRef = FEE0177F29BBEA00003D8E17 /* LocalMapper.swift */; };
		FEBFF2E029BCA18A0056E397 /* UrlSessionApiClient.swift in Sources */ = {isa = PBXBuildFile; fileRef = FEF3736B29B7FA3B00291A19 /* UrlSessionApiClient.swift */; };
		FEBFF2EC29BCA6330056E397 /* SnapshotTesting in Frameworks */ = {isa = PBXBuildFile; productRef = FEBFF2EB29BCA6330056E397 /* SnapshotTesting */; };
		FEBFF2F129BCA7300056E397 /* OrderRepositorySpec.swift in Sources */ = {isa = PBXBuildFile; fileRef = FEBFF2F029BCA7300056E397 /* OrderRepositorySpec.swift */; };
		FEBFF2F329BCB1A40056E397 /* ProductsRepositorySpec.swift in Sources */ = {isa = PBXBuildFile; fileRef = FEBFF2F229BCB1A40056E397 /* ProductsRepositorySpec.swift */; };
		FEBFF2F929BCB42C0056E397 /* OHHTTPStubs in Frameworks */ = {isa = PBXBuildFile; productRef = FEBFF2F829BCB42C0056E397 /* OHHTTPStubs */; };
		FEBFF2FB29BCB42C0056E397 /* OHHTTPStubsSwift in Frameworks */ = {isa = PBXBuildFile; productRef = FEBFF2FA29BCB42C0056E397 /* OHHTTPStubsSwift */; };
		FED58F1F29BB7E0A00016CF9 /* DiscountStrategy.swift in Sources */ = {isa = PBXBuildFile; fileRef = FED58F1E29BB7E0A00016CF9 /* DiscountStrategy.swift */; };
		FED58F2129BB888500016CF9 /* DiscountUIModel.swift in Sources */ = {isa = PBXBuildFile; fileRef = FED58F2029BB888500016CF9 /* DiscountUIModel.swift */; };
		FED86D8429BCB4C5004637E6 /* Factory.swift in Sources */ = {isa = PBXBuildFile; fileRef = FE24146029BA484A00CE63F4 /* Factory.swift */; };
		FED86D8C29BCBFCA004637E6 /* Quick in Frameworks */ = {isa = PBXBuildFile; productRef = FED86D8B29BCBFCA004637E6 /* Quick */; };
		FED86D8E29BCC0D0004637E6 /* product_list.json in Resources */ = {isa = PBXBuildFile; fileRef = FED86D8D29BCC0D0004637E6 /* product_list.json */; };
		FED86D8F29BCC1C2004637E6 /* BulkDiscount.swift in Sources */ = {isa = PBXBuildFile; fileRef = FE24145529BA442E00CE63F4 /* BulkDiscount.swift */; };
		FED86D9029BCC1C2004637E6 /* PackDiscount.swift in Sources */ = {isa = PBXBuildFile; fileRef = FE24145329BA41B400CE63F4 /* PackDiscount.swift */; };
		FED86D9129BCC1DB004637E6 /* CheckoutViewModel.swift in Sources */ = {isa = PBXBuildFile; fileRef = FE24148029BA5B8500CE63F4 /* CheckoutViewModel.swift */; };
		FED86D9229BCC1DB004637E6 /* CheckoutView.swift in Sources */ = {isa = PBXBuildFile; fileRef = FE24147E29BA5B7D00CE63F4 /* CheckoutView.swift */; };
		FED86D9329BCC1DB004637E6 /* ProductListViewModel.swift in Sources */ = {isa = PBXBuildFile; fileRef = FE24147829BA54FC00CE63F4 /* ProductListViewModel.swift */; };
		FED86D9429BCC1DB004637E6 /* DiscountUIModel.swift in Sources */ = {isa = PBXBuildFile; fileRef = FED58F2029BB888500016CF9 /* DiscountUIModel.swift */; };
		FED86D9529BCC1DB004637E6 /* ProductListView.swift in Sources */ = {isa = PBXBuildFile; fileRef = FE24147629BA543E00CE63F4 /* ProductListView.swift */; };
		FED86D9629BCC1DB004637E6 /* ProductUIModel.swift in Sources */ = {isa = PBXBuildFile; fileRef = FE24147C29BA55A600CE63F4 /* ProductUIModel.swift */; };
		FED86D9729BCC1DB004637E6 /* ScreenStatus.swift in Sources */ = {isa = PBXBuildFile; fileRef = FE24147A29BA557C00CE63F4 /* ScreenStatus.swift */; };
		FED86D9829BCC1DB004637E6 /* OrderItemUIModel.swift in Sources */ = {isa = PBXBuildFile; fileRef = FEE0178329BBF3E1003D8E17 /* OrderItemUIModel.swift */; };
		FED86D9B29BCC2D7004637E6 /* Nimble in Frameworks */ = {isa = PBXBuildFile; productRef = FED86D9A29BCC2D7004637E6 /* Nimble */; };
		FED86D9C29BCC470004637E6 /* MainCoordinator.swift in Sources */ = {isa = PBXBuildFile; fileRef = FE24147229BA535B00CE63F4 /* MainCoordinator.swift */; };
		FED86D9D29BCC479004637E6 /* AppCoordinator.swift in Sources */ = {isa = PBXBuildFile; fileRef = FE24147029BA533E00CE63F4 /* AppCoordinator.swift */; };
		FED86D9E29BCC4F1004637E6 /* CurrencyUtils.swift in Sources */ = {isa = PBXBuildFile; fileRef = FE24148329BA940100CE63F4 /* CurrencyUtils.swift */; };
		FED86D9F29BCC500004637E6 /* CabifyMobileChallengeApp.swift in Sources */ = {isa = PBXBuildFile; fileRef = FEF3731F29B7EF5200291A19 /* CabifyMobileChallengeApp.swift */; };
		FED86DA529BCCEE7004637E6 /* PackDiscountSpec.swift in Sources */ = {isa = PBXBuildFile; fileRef = FED86DA429BCCEE7004637E6 /* PackDiscountSpec.swift */; };
		FED86DA729BCD778004637E6 /* BulkDiscountSpec.swift in Sources */ = {isa = PBXBuildFile; fileRef = FED86DA629BCD778004637E6 /* BulkDiscountSpec.swift */; };
		FED86DA929BCDF9B004637E6 /* GetDiscountsOfOrderItemUseCaseSpec.swift in Sources */ = {isa = PBXBuildFile; fileRef = FED86DA829BCDF9B004637E6 /* GetDiscountsOfOrderItemUseCaseSpec.swift */; };
		FED86DAB29BCE346004637E6 /* LoadProductsUseCaseSpec.swift in Sources */ = {isa = PBXBuildFile; fileRef = FED86DAA29BCE346004637E6 /* LoadProductsUseCaseSpec.swift */; };
		FED86DAE29BCEAD2004637E6 /* CurrencyUtilsSpec.swift in Sources */ = {isa = PBXBuildFile; fileRef = FED86DAD29BCEAD2004637E6 /* CurrencyUtilsSpec.swift */; };
		FED86DB029BCEDEE004637E6 /* ProductListViewModelSpec.swift in Sources */ = {isa = PBXBuildFile; fileRef = FED86DAF29BCEDEE004637E6 /* ProductListViewModelSpec.swift */; };
		FED86DB229BCFB93004637E6 /* CheckoutViewModeSpec.swift in Sources */ = {isa = PBXBuildFile; fileRef = FED86DB129BCFB93004637E6 /* CheckoutViewModeSpec.swift */; };
		FED86DB429BD0233004637E6 /* LoadOrderUseCaseSpec.swift in Sources */ = {isa = PBXBuildFile; fileRef = FED86DB329BD0233004637E6 /* LoadOrderUseCaseSpec.swift */; };
		FED86DB629BD051D004637E6 /* ProductListViewSnapshotSpec.swift in Sources */ = {isa = PBXBuildFile; fileRef = FED86DB529BD051D004637E6 /* ProductListViewSnapshotSpec.swift */; };
		FED86DB829BD0CB6004637E6 /* CheckoutViewSnapshotSpec.swift in Sources */ = {isa = PBXBuildFile; fileRef = FED86DB729BD0CB6004637E6 /* CheckoutViewSnapshotSpec.swift */; };
		FEE0177529BBE416003D8E17 /* SaveOrderUseCaseImpl.swift in Sources */ = {isa = PBXBuildFile; fileRef = FEE0177429BBE416003D8E17 /* SaveOrderUseCaseImpl.swift */; };
		FEE0177829BBE77A003D8E17 /* OrderRepository.swift in Sources */ = {isa = PBXBuildFile; fileRef = FEE0177729BBE77A003D8E17 /* OrderRepository.swift */; };
		FEE0177A29BBE7E4003D8E17 /* OrderRepositoryImpl.swift in Sources */ = {isa = PBXBuildFile; fileRef = FEE0177929BBE7E4003D8E17 /* OrderRepositoryImpl.swift */; };
		FEE0177C29BBE832003D8E17 /* OrderDataSource.swift in Sources */ = {isa = PBXBuildFile; fileRef = FEE0177B29BBE832003D8E17 /* OrderDataSource.swift */; };
		FEE0177E29BBE88C003D8E17 /* OrderLocalDataSource.swift in Sources */ = {isa = PBXBuildFile; fileRef = FEE0177D29BBE88C003D8E17 /* OrderLocalDataSource.swift */; };
		FEE0178029BBEA00003D8E17 /* LocalMapper.swift in Sources */ = {isa = PBXBuildFile; fileRef = FEE0177F29BBEA00003D8E17 /* LocalMapper.swift */; };
		FEE0178229BBF2BC003D8E17 /* LoadOrderUseCaseImpl.swift in Sources */ = {isa = PBXBuildFile; fileRef = FEE0178129BBF2BC003D8E17 /* LoadOrderUseCaseImpl.swift */; };
		FEE0178429BBF3E1003D8E17 /* OrderItemUIModel.swift in Sources */ = {isa = PBXBuildFile; fileRef = FEE0178329BBF3E1003D8E17 /* OrderItemUIModel.swift */; };
		FEE0178829BC03F9003D8E17 /* OrderItemDiscount.swift in Sources */ = {isa = PBXBuildFile; fileRef = FEE0178729BC03F9003D8E17 /* OrderItemDiscount.swift */; };
		FEE0178A29BC0466003D8E17 /* GetDiscountsOfOrderItemUseCase.swift in Sources */ = {isa = PBXBuildFile; fileRef = FEE0178929BC0466003D8E17 /* GetDiscountsOfOrderItemUseCase.swift */; };
		FEF3732029B7EF5200291A19 /* CabifyMobileChallengeApp.swift in Sources */ = {isa = PBXBuildFile; fileRef = FEF3731F29B7EF5200291A19 /* CabifyMobileChallengeApp.swift */; };
		FEF3732429B7EF5500291A19 /* Assets.xcassets in Resources */ = {isa = PBXBuildFile; fileRef = FEF3732329B7EF5500291A19 /* Assets.xcassets */; };
		FEF3732729B7EF5500291A19 /* Preview Assets.xcassets in Resources */ = {isa = PBXBuildFile; fileRef = FEF3732629B7EF5500291A19 /* Preview Assets.xcassets */; };
		FEF3735929B7F64200291A19 /* Factory in Frameworks */ = {isa = PBXBuildFile; productRef = FEF3735829B7F64200291A19 /* Factory */; };
		FEF3735C29B7F65800291A19 /* Stinsen in Frameworks */ = {isa = PBXBuildFile; productRef = FEF3735B29B7F65800291A19 /* Stinsen */; };
		FEF3736A29B7FA0400291A19 /* ApiClient.swift in Sources */ = {isa = PBXBuildFile; fileRef = FEF3736929B7FA0400291A19 /* ApiClient.swift */; };
		FEF3736C29B7FA3B00291A19 /* UrlSessionApiClient.swift in Sources */ = {isa = PBXBuildFile; fileRef = FEF3736B29B7FA3B00291A19 /* UrlSessionApiClient.swift */; };
		FEF3736E29B7FAF600291A19 /* CabifyError.swift in Sources */ = {isa = PBXBuildFile; fileRef = FEF3736D29B7FAF600291A19 /* CabifyError.swift */; };
		FEF3737029B7FB3500291A19 /* ProductDto.swift in Sources */ = {isa = PBXBuildFile; fileRef = FEF3736F29B7FB3500291A19 /* ProductDto.swift */; };
/* End PBXBuildFile section */

/* Begin PBXContainerItemProxy section */
		FEF3732D29B7EF5600291A19 /* PBXContainerItemProxy */ = {
			isa = PBXContainerItemProxy;
			containerPortal = FEF3731429B7EF5200291A19 /* Project object */;
			proxyType = 1;
			remoteGlobalIDString = FEF3731B29B7EF5200291A19;
			remoteInfo = CabifyMobileChallenge;
		};
/* End PBXContainerItemProxy section */

/* Begin PBXFileReference section */
		68ADF0F22ABAD1DEEEAA2C9D /* Pods-CabifyMobileChallenge-CabifyMobileChallengeUITests.debug.xcconfig */ = {isa = PBXFileReference; includeInIndex = 1; lastKnownFileType = text.xcconfig; name = "Pods-CabifyMobileChallenge-CabifyMobileChallengeUITests.debug.xcconfig"; path = "Target Support Files/Pods-CabifyMobileChallenge-CabifyMobileChallengeUITests/Pods-CabifyMobileChallenge-CabifyMobileChallengeUITests.debug.xcconfig"; sourceTree = "<group>"; };
		73F46BF1D1EE6D282D09C76D /* Pods-CabifyMobileChallenge.release.xcconfig */ = {isa = PBXFileReference; includeInIndex = 1; lastKnownFileType = text.xcconfig; name = "Pods-CabifyMobileChallenge.release.xcconfig"; path = "Target Support Files/Pods-CabifyMobileChallenge/Pods-CabifyMobileChallenge.release.xcconfig"; sourceTree = "<group>"; };
		8F8A81AB508DC687685ED1B8 /* Pods-CabifyMobileChallenge.debug.xcconfig */ = {isa = PBXFileReference; includeInIndex = 1; lastKnownFileType = text.xcconfig; name = "Pods-CabifyMobileChallenge.debug.xcconfig"; path = "Target Support Files/Pods-CabifyMobileChallenge/Pods-CabifyMobileChallenge.debug.xcconfig"; sourceTree = "<group>"; };
		959CFF742BA1C35BBA97378A /* Pods-CabifyMobileChallengeTests.debug.xcconfig */ = {isa = PBXFileReference; includeInIndex = 1; lastKnownFileType = text.xcconfig; name = "Pods-CabifyMobileChallengeTests.debug.xcconfig"; path = "Target Support Files/Pods-CabifyMobileChallengeTests/Pods-CabifyMobileChallengeTests.debug.xcconfig"; sourceTree = "<group>"; };
		9F09DCC79985BEDD9F21DC87 /* Pods-CabifyMobileChallenge-CabifyMobileChallengeUITests.release.xcconfig */ = {isa = PBXFileReference; includeInIndex = 1; lastKnownFileType = text.xcconfig; name = "Pods-CabifyMobileChallenge-CabifyMobileChallengeUITests.release.xcconfig"; path = "Target Support Files/Pods-CabifyMobileChallenge-CabifyMobileChallengeUITests/Pods-CabifyMobileChallenge-CabifyMobileChallengeUITests.release.xcconfig"; sourceTree = "<group>"; };
		A5EA5FDD31D032D13A46120A /* Pods_CabifyMobileChallenge_CabifyMobileChallengeUITests.framework */ = {isa = PBXFileReference; explicitFileType = wrapper.framework; includeInIndex = 0; path = Pods_CabifyMobileChallenge_CabifyMobileChallengeUITests.framework; sourceTree = BUILT_PRODUCTS_DIR; };
		B493F300B8240393F7CC4C1B /* Pods_CabifyMobileChallengeTests.framework */ = {isa = PBXFileReference; explicitFileType = wrapper.framework; includeInIndex = 0; path = Pods_CabifyMobileChallengeTests.framework; sourceTree = BUILT_PRODUCTS_DIR; };
		E3EA5C9A09F0924C68737241 /* Pods-CabifyMobileChallengeTests.release.xcconfig */ = {isa = PBXFileReference; includeInIndex = 1; lastKnownFileType = text.xcconfig; name = "Pods-CabifyMobileChallengeTests.release.xcconfig"; path = "Target Support Files/Pods-CabifyMobileChallengeTests/Pods-CabifyMobileChallengeTests.release.xcconfig"; sourceTree = "<group>"; };
		F6F1FC5845792A6E1DA531B8 /* Pods_CabifyMobileChallenge.framework */ = {isa = PBXFileReference; explicitFileType = wrapper.framework; includeInIndex = 0; path = Pods_CabifyMobileChallenge.framework; sourceTree = BUILT_PRODUCTS_DIR; };
		FE24145329BA41B400CE63F4 /* PackDiscount.swift */ = {isa = PBXFileReference; lastKnownFileType = sourcecode.swift; path = PackDiscount.swift; sourceTree = "<group>"; };
		FE24145529BA442E00CE63F4 /* BulkDiscount.swift */ = {isa = PBXFileReference; lastKnownFileType = sourcecode.swift; path = BulkDiscount.swift; sourceTree = "<group>"; };
		FE24145729BA44A800CE63F4 /* ProductsRepositoryImpl.swift */ = {isa = PBXFileReference; lastKnownFileType = sourcecode.swift; path = ProductsRepositoryImpl.swift; sourceTree = "<group>"; };
		FE24145A29BA44E000CE63F4 /* ProductsRepository.swift */ = {isa = PBXFileReference; lastKnownFileType = sourcecode.swift; path = ProductsRepository.swift; sourceTree = "<group>"; };
		FE24145C29BA453500CE63F4 /* Product.swift */ = {isa = PBXFileReference; lastKnownFileType = sourcecode.swift; path = Product.swift; sourceTree = "<group>"; };
		FE24145E29BA45EF00CE63F4 /* ProductType.swift */ = {isa = PBXFileReference; lastKnownFileType = sourcecode.swift; path = ProductType.swift; sourceTree = "<group>"; };
		FE24146029BA484A00CE63F4 /* Factory.swift */ = {isa = PBXFileReference; lastKnownFileType = sourcecode.swift; path = Factory.swift; sourceTree = "<group>"; };
		FE24146229BA48A600CE63F4 /* ProductsApiDataSource.swift */ = {isa = PBXFileReference; lastKnownFileType = sourcecode.swift; path = ProductsApiDataSource.swift; sourceTree = "<group>"; };
		FE24146429BA48B900CE63F4 /* ProductsDataSource.swift */ = {isa = PBXFileReference; lastKnownFileType = sourcecode.swift; path = ProductsDataSource.swift; sourceTree = "<group>"; };
		FE24146629BA49C600CE63F4 /* DtoMapper.swift */ = {isa = PBXFileReference; lastKnownFileType = sourcecode.swift; path = DtoMapper.swift; sourceTree = "<group>"; };
		FE24146829BA4A3100CE63F4 /* ProductListDto.swift */ = {isa = PBXFileReference; lastKnownFileType = sourcecode.swift; path = ProductListDto.swift; sourceTree = "<group>"; };
		FE24146E29BA4F6700CE63F4 /* LoadProductsUseCaseImpl.swift */ = {isa = PBXFileReference; lastKnownFileType = sourcecode.swift; path = LoadProductsUseCaseImpl.swift; sourceTree = "<group>"; };
		FE24147029BA533E00CE63F4 /* AppCoordinator.swift */ = {isa = PBXFileReference; lastKnownFileType = sourcecode.swift; path = AppCoordinator.swift; sourceTree = "<group>"; };
		FE24147229BA535B00CE63F4 /* MainCoordinator.swift */ = {isa = PBXFileReference; lastKnownFileType = sourcecode.swift; path = MainCoordinator.swift; sourceTree = "<group>"; };
		FE24147629BA543E00CE63F4 /* ProductListView.swift */ = {isa = PBXFileReference; lastKnownFileType = sourcecode.swift; path = ProductListView.swift; sourceTree = "<group>"; };
		FE24147829BA54FC00CE63F4 /* ProductListViewModel.swift */ = {isa = PBXFileReference; lastKnownFileType = sourcecode.swift; path = ProductListViewModel.swift; sourceTree = "<group>"; };
		FE24147A29BA557C00CE63F4 /* ScreenStatus.swift */ = {isa = PBXFileReference; lastKnownFileType = sourcecode.swift; path = ScreenStatus.swift; sourceTree = "<group>"; };
		FE24147C29BA55A600CE63F4 /* ProductUIModel.swift */ = {isa = PBXFileReference; lastKnownFileType = sourcecode.swift; path = ProductUIModel.swift; sourceTree = "<group>"; };
		FE24147E29BA5B7D00CE63F4 /* CheckoutView.swift */ = {isa = PBXFileReference; lastKnownFileType = sourcecode.swift; path = CheckoutView.swift; sourceTree = "<group>"; };
		FE24148029BA5B8500CE63F4 /* CheckoutViewModel.swift */ = {isa = PBXFileReference; lastKnownFileType = sourcecode.swift; path = CheckoutViewModel.swift; sourceTree = "<group>"; };
		FE24148329BA940100CE63F4 /* CurrencyUtils.swift */ = {isa = PBXFileReference; lastKnownFileType = sourcecode.swift; path = CurrencyUtils.swift; sourceTree = "<group>"; };
		FE24148529BA963800CE63F4 /* Order.swift */ = {isa = PBXFileReference; lastKnownFileType = sourcecode.swift; path = Order.swift; sourceTree = "<group>"; };
		FE24148729BA965C00CE63F4 /* OrderItem.swift */ = {isa = PBXFileReference; lastKnownFileType = sourcecode.swift; path = OrderItem.swift; sourceTree = "<group>"; };
		FEBFF2C129BC9E4F0056E397 /* Mocks.swift */ = {isa = PBXFileReference; lastKnownFileType = sourcecode.swift; path = Mocks.swift; sourceTree = "<group>"; };
		FEBFF2C329BC9E970056E397 /* ObjectMother.swift */ = {isa = PBXFileReference; lastKnownFileType = sourcecode.swift; path = ObjectMother.swift; sourceTree = "<group>"; };
		FEBFF2DA29BCA14B0056E397 /* UrlSessionApiClientSpec.swift */ = {isa = PBXFileReference; lastKnownFileType = sourcecode.swift; path = UrlSessionApiClientSpec.swift; sourceTree = "<group>"; };
		FEBFF2F029BCA7300056E397 /* OrderRepositorySpec.swift */ = {isa = PBXFileReference; lastKnownFileType = sourcecode.swift; path = OrderRepositorySpec.swift; sourceTree = "<group>"; };
		FEBFF2F229BCB1A40056E397 /* ProductsRepositorySpec.swift */ = {isa = PBXFileReference; lastKnownFileType = sourcecode.swift; path = ProductsRepositorySpec.swift; sourceTree = "<group>"; };
		FED58F1E29BB7E0A00016CF9 /* DiscountStrategy.swift */ = {isa = PBXFileReference; lastKnownFileType = sourcecode.swift; path = DiscountStrategy.swift; sourceTree = "<group>"; };
		FED58F2029BB888500016CF9 /* DiscountUIModel.swift */ = {isa = PBXFileReference; lastKnownFileType = sourcecode.swift; path = DiscountUIModel.swift; sourceTree = "<group>"; };
		FED86D8D29BCC0D0004637E6 /* product_list.json */ = {isa = PBXFileReference; lastKnownFileType = text.json; path = product_list.json; sourceTree = "<group>"; };
		FED86DA429BCCEE7004637E6 /* PackDiscountSpec.swift */ = {isa = PBXFileReference; lastKnownFileType = sourcecode.swift; path = PackDiscountSpec.swift; sourceTree = "<group>"; };
		FED86DA629BCD778004637E6 /* BulkDiscountSpec.swift */ = {isa = PBXFileReference; lastKnownFileType = sourcecode.swift; path = BulkDiscountSpec.swift; sourceTree = "<group>"; };
		FED86DA829BCDF9B004637E6 /* GetDiscountsOfOrderItemUseCaseSpec.swift */ = {isa = PBXFileReference; lastKnownFileType = sourcecode.swift; path = GetDiscountsOfOrderItemUseCaseSpec.swift; sourceTree = "<group>"; };
		FED86DAA29BCE346004637E6 /* LoadProductsUseCaseSpec.swift */ = {isa = PBXFileReference; lastKnownFileType = sourcecode.swift; path = LoadProductsUseCaseSpec.swift; sourceTree = "<group>"; };
		FED86DAD29BCEAD2004637E6 /* CurrencyUtilsSpec.swift */ = {isa = PBXFileReference; lastKnownFileType = sourcecode.swift; path = CurrencyUtilsSpec.swift; sourceTree = "<group>"; };
		FED86DAF29BCEDEE004637E6 /* ProductListViewModelSpec.swift */ = {isa = PBXFileReference; lastKnownFileType = sourcecode.swift; path = ProductListViewModelSpec.swift; sourceTree = "<group>"; };
		FED86DB129BCFB93004637E6 /* CheckoutViewModeSpec.swift */ = {isa = PBXFileReference; lastKnownFileType = sourcecode.swift; path = CheckoutViewModeSpec.swift; sourceTree = "<group>"; };
		FED86DB329BD0233004637E6 /* LoadOrderUseCaseSpec.swift */ = {isa = PBXFileReference; lastKnownFileType = sourcecode.swift; path = LoadOrderUseCaseSpec.swift; sourceTree = "<group>"; };
		FED86DB529BD051D004637E6 /* ProductListViewSnapshotSpec.swift */ = {isa = PBXFileReference; lastKnownFileType = sourcecode.swift; path = ProductListViewSnapshotSpec.swift; sourceTree = "<group>"; };
		FED86DB729BD0CB6004637E6 /* CheckoutViewSnapshotSpec.swift */ = {isa = PBXFileReference; lastKnownFileType = sourcecode.swift; path = CheckoutViewSnapshotSpec.swift; sourceTree = "<group>"; };
		FED86DB929BD2F78004637E6 /* Info.plist */ = {isa = PBXFileReference; lastKnownFileType = text.plist; path = Info.plist; sourceTree = "<group>"; };
		FEE0177429BBE416003D8E17 /* SaveOrderUseCaseImpl.swift */ = {isa = PBXFileReference; lastKnownFileType = sourcecode.swift; path = SaveOrderUseCaseImpl.swift; sourceTree = "<group>"; };
		FEE0177729BBE77A003D8E17 /* OrderRepository.swift */ = {isa = PBXFileReference; lastKnownFileType = sourcecode.swift; path = OrderRepository.swift; sourceTree = "<group>"; };
		FEE0177929BBE7E4003D8E17 /* OrderRepositoryImpl.swift */ = {isa = PBXFileReference; lastKnownFileType = sourcecode.swift; path = OrderRepositoryImpl.swift; sourceTree = "<group>"; };
		FEE0177B29BBE832003D8E17 /* OrderDataSource.swift */ = {isa = PBXFileReference; lastKnownFileType = sourcecode.swift; path = OrderDataSource.swift; sourceTree = "<group>"; };
		FEE0177D29BBE88C003D8E17 /* OrderLocalDataSource.swift */ = {isa = PBXFileReference; lastKnownFileType = sourcecode.swift; path = OrderLocalDataSource.swift; sourceTree = "<group>"; };
		FEE0177F29BBEA00003D8E17 /* LocalMapper.swift */ = {isa = PBXFileReference; lastKnownFileType = sourcecode.swift; path = LocalMapper.swift; sourceTree = "<group>"; };
		FEE0178129BBF2BC003D8E17 /* LoadOrderUseCaseImpl.swift */ = {isa = PBXFileReference; lastKnownFileType = sourcecode.swift; path = LoadOrderUseCaseImpl.swift; sourceTree = "<group>"; };
		FEE0178329BBF3E1003D8E17 /* OrderItemUIModel.swift */ = {isa = PBXFileReference; lastKnownFileType = sourcecode.swift; path = OrderItemUIModel.swift; sourceTree = "<group>"; };
		FEE0178729BC03F9003D8E17 /* OrderItemDiscount.swift */ = {isa = PBXFileReference; lastKnownFileType = sourcecode.swift; path = OrderItemDiscount.swift; sourceTree = "<group>"; };
		FEE0178929BC0466003D8E17 /* GetDiscountsOfOrderItemUseCase.swift */ = {isa = PBXFileReference; lastKnownFileType = sourcecode.swift; path = GetDiscountsOfOrderItemUseCase.swift; sourceTree = "<group>"; };
		FEF3731C29B7EF5200291A19 /* CabifyMobileChallenge.app */ = {isa = PBXFileReference; explicitFileType = wrapper.application; includeInIndex = 0; path = CabifyMobileChallenge.app; sourceTree = BUILT_PRODUCTS_DIR; };
		FEF3731F29B7EF5200291A19 /* CabifyMobileChallengeApp.swift */ = {isa = PBXFileReference; lastKnownFileType = sourcecode.swift; path = CabifyMobileChallengeApp.swift; sourceTree = "<group>"; };
		FEF3732329B7EF5500291A19 /* Assets.xcassets */ = {isa = PBXFileReference; lastKnownFileType = folder.assetcatalog; path = Assets.xcassets; sourceTree = "<group>"; };
		FEF3732629B7EF5500291A19 /* Preview Assets.xcassets */ = {isa = PBXFileReference; lastKnownFileType = folder.assetcatalog; path = "Preview Assets.xcassets"; sourceTree = "<group>"; };
		FEF3732C29B7EF5600291A19 /* CabifyMobileChallengeTests.xctest */ = {isa = PBXFileReference; explicitFileType = wrapper.cfbundle; includeInIndex = 0; path = CabifyMobileChallengeTests.xctest; sourceTree = BUILT_PRODUCTS_DIR; };
		FEF3736929B7FA0400291A19 /* ApiClient.swift */ = {isa = PBXFileReference; lastKnownFileType = sourcecode.swift; path = ApiClient.swift; sourceTree = "<group>"; };
		FEF3736B29B7FA3B00291A19 /* UrlSessionApiClient.swift */ = {isa = PBXFileReference; lastKnownFileType = sourcecode.swift; path = UrlSessionApiClient.swift; sourceTree = "<group>"; };
		FEF3736D29B7FAF600291A19 /* CabifyError.swift */ = {isa = PBXFileReference; lastKnownFileType = sourcecode.swift; path = CabifyError.swift; sourceTree = "<group>"; };
		FEF3736F29B7FB3500291A19 /* ProductDto.swift */ = {isa = PBXFileReference; lastKnownFileType = sourcecode.swift; path = ProductDto.swift; sourceTree = "<group>"; };
/* End PBXFileReference section */

/* Begin PBXFrameworksBuildPhase section */
		FEF3731929B7EF5200291A19 /* Frameworks */ = {
			isa = PBXFrameworksBuildPhase;
			buildActionMask = 2147483647;
			files = (
				FEF3735C29B7F65800291A19 /* Stinsen in Frameworks */,
				FE6C2EEFA8B2D6973165CED1 /* Pods_CabifyMobileChallenge.framework in Frameworks */,
				FEF3735929B7F64200291A19 /* Factory in Frameworks */,
			);
			runOnlyForDeploymentPostprocessing = 0;
		};
		FEF3732929B7EF5600291A19 /* Frameworks */ = {
			isa = PBXFrameworksBuildPhase;
			buildActionMask = 2147483647;
			files = (
				FEBFF2F929BCB42C0056E397 /* OHHTTPStubs in Frameworks */,
				FED86D8C29BCBFCA004637E6 /* Quick in Frameworks */,
				FEBFF2FB29BCB42C0056E397 /* OHHTTPStubsSwift in Frameworks */,
				FED86D9B29BCC2D7004637E6 /* Nimble in Frameworks */,
				FEBFF2EC29BCA6330056E397 /* SnapshotTesting in Frameworks */,
				20CE73BDD3F7CE8906039759 /* Pods_CabifyMobileChallengeTests.framework in Frameworks */,
			);
			runOnlyForDeploymentPostprocessing = 0;
		};
/* End PBXFrameworksBuildPhase section */

/* Begin PBXGroup section */
		7A68A026824563737F63041A /* Pods */ = {
			isa = PBXGroup;
			children = (
				8F8A81AB508DC687685ED1B8 /* Pods-CabifyMobileChallenge.debug.xcconfig */,
				73F46BF1D1EE6D282D09C76D /* Pods-CabifyMobileChallenge.release.xcconfig */,
				68ADF0F22ABAD1DEEEAA2C9D /* Pods-CabifyMobileChallenge-CabifyMobileChallengeUITests.debug.xcconfig */,
				9F09DCC79985BEDD9F21DC87 /* Pods-CabifyMobileChallenge-CabifyMobileChallengeUITests.release.xcconfig */,
				959CFF742BA1C35BBA97378A /* Pods-CabifyMobileChallengeTests.debug.xcconfig */,
				E3EA5C9A09F0924C68737241 /* Pods-CabifyMobileChallengeTests.release.xcconfig */,
			);
			path = Pods;
			sourceTree = "<group>";
		};
		D25EC355F36723EEB561747A /* Frameworks */ = {
			isa = PBXGroup;
			children = (
				F6F1FC5845792A6E1DA531B8 /* Pods_CabifyMobileChallenge.framework */,
				A5EA5FDD31D032D13A46120A /* Pods_CabifyMobileChallenge_CabifyMobileChallengeUITests.framework */,
				B493F300B8240393F7CC4C1B /* Pods_CabifyMobileChallengeTests.framework */,
			);
			name = Frameworks;
			sourceTree = "<group>";
		};
		FE24145929BA44D200CE63F4 /* Repositories */ = {
			isa = PBXGroup;
			children = (
				FEE0177729BBE77A003D8E17 /* OrderRepository.swift */,
				FE24145A29BA44E000CE63F4 /* ProductsRepository.swift */,
			);
			path = Repositories;
			sourceTree = "<group>";
		};
		FE24147429BA53F700CE63F4 /* ProductList */ = {
			isa = PBXGroup;
			children = (
				FE24147629BA543E00CE63F4 /* ProductListView.swift */,
				FE24147829BA54FC00CE63F4 /* ProductListViewModel.swift */,
				FE24147C29BA55A600CE63F4 /* ProductUIModel.swift */,
			);
			path = ProductList;
			sourceTree = "<group>";
		};
		FE24147529BA540400CE63F4 /* Checkout */ = {
			isa = PBXGroup;
			children = (
				FE24147E29BA5B7D00CE63F4 /* CheckoutView.swift */,
				FE24148029BA5B8500CE63F4 /* CheckoutViewModel.swift */,
				FED58F2029BB888500016CF9 /* DiscountUIModel.swift */,
				FEE0178329BBF3E1003D8E17 /* OrderItemUIModel.swift */,
			);
			path = Checkout;
			sourceTree = "<group>";
		};
		FE24148229BA93F200CE63F4 /* Utils */ = {
			isa = PBXGroup;
			children = (
				FE24148329BA940100CE63F4 /* CurrencyUtils.swift */,
			);
			path = Utils;
			sourceTree = "<group>";
		};
		FE24148B29BA96C500CE63F4 /* ProductsRepository */ = {
			isa = PBXGroup;
			children = (
				FE24146229BA48A600CE63F4 /* ProductsApiDataSource.swift */,
				FE24146429BA48B900CE63F4 /* ProductsDataSource.swift */,
				FE24145729BA44A800CE63F4 /* ProductsRepositoryImpl.swift */,
			);
			path = ProductsRepository;
			sourceTree = "<group>";
		};
		FEBFF2BA29BC9A5D0056E397 /* Utils */ = {
			isa = PBXGroup;
			children = (
				FEBFF2C329BC9E970056E397 /* ObjectMother.swift */,
				FEBFF2C129BC9E4F0056E397 /* Mocks.swift */,
			);
			path = Utils;
			sourceTree = "<group>";
		};
		FEBFF2BB29BC9A6B0056E397 /* Presentation */ = {
			isa = PBXGroup;
			children = (
				FEBFF2BE29BC9A8E0056E397 /* Snapshots */,
				FED86DAC29BCEAC4004637E6 /* Utils */,
				FEBFF2BF29BC9A930056E397 /* ViewModels */,
			);
			path = Presentation;
			sourceTree = "<group>";
		};
		FEBFF2BC29BC9A710056E397 /* Domain */ = {
			isa = PBXGroup;
			children = (
				FED86DA629BCD778004637E6 /* BulkDiscountSpec.swift */,
				FED86DA829BCDF9B004637E6 /* GetDiscountsOfOrderItemUseCaseSpec.swift */,
				FED86DB329BD0233004637E6 /* LoadOrderUseCaseSpec.swift */,
				FED86DAA29BCE346004637E6 /* LoadProductsUseCaseSpec.swift */,
				FED86DA429BCCEE7004637E6 /* PackDiscountSpec.swift */,
			);
			path = Domain;
			sourceTree = "<group>";
		};
		FEBFF2BD29BC9A780056E397 /* Data */ = {
			isa = PBXGroup;
			children = (
				FED86D8D29BCC0D0004637E6 /* product_list.json */,
				FEBFF2F029BCA7300056E397 /* OrderRepositorySpec.swift */,
				FEBFF2F229BCB1A40056E397 /* ProductsRepositorySpec.swift */,
				FEBFF2DA29BCA14B0056E397 /* UrlSessionApiClientSpec.swift */,
			);
			path = Data;
			sourceTree = "<group>";
		};
		FEBFF2BE29BC9A8E0056E397 /* Snapshots */ = {
			isa = PBXGroup;
			children = (
				FED86DB729BD0CB6004637E6 /* CheckoutViewSnapshotSpec.swift */,
				FED86DB529BD051D004637E6 /* ProductListViewSnapshotSpec.swift */,
			);
			path = Snapshots;
			sourceTree = "<group>";
		};
		FEBFF2BF29BC9A930056E397 /* ViewModels */ = {
			isa = PBXGroup;
			children = (
				FED86DB129BCFB93004637E6 /* CheckoutViewModeSpec.swift */,
				FED86DAF29BCEDEE004637E6 /* ProductListViewModelSpec.swift */,
			);
			path = ViewModels;
			sourceTree = "<group>";
		};
		FED86DAC29BCEAC4004637E6 /* Utils */ = {
			isa = PBXGroup;
			children = (
				FED86DAD29BCEAD2004637E6 /* CurrencyUtilsSpec.swift */,
			);
			path = Utils;
			sourceTree = "<group>";
		};
		FEE0177629BBE75F003D8E17 /* OrderRepository */ = {
			isa = PBXGroup;
			children = (
				FEE0177B29BBE832003D8E17 /* OrderDataSource.swift */,
				FEE0177D29BBE88C003D8E17 /* OrderLocalDataSource.swift */,
				FEE0177929BBE7E4003D8E17 /* OrderRepositoryImpl.swift */,
			);
			path = OrderRepository;
			sourceTree = "<group>";
		};
		FEF3731329B7EF5200291A19 = {
			isa = PBXGroup;
			children = (
				FEF3731E29B7EF5200291A19 /* CabifyMobileChallenge */,
				FEF3732F29B7EF5600291A19 /* CabifyMobileChallengeTests */,
				FEF3731D29B7EF5200291A19 /* Products */,
				7A68A026824563737F63041A /* Pods */,
				D25EC355F36723EEB561747A /* Frameworks */,
			);
			sourceTree = "<group>";
		};
		FEF3731D29B7EF5200291A19 /* Products */ = {
			isa = PBXGroup;
			children = (
				FEF3731C29B7EF5200291A19 /* CabifyMobileChallenge.app */,
				FEF3732C29B7EF5600291A19 /* CabifyMobileChallengeTests.xctest */,
			);
			name = Products;
			sourceTree = "<group>";
		};
		FEF3731E29B7EF5200291A19 /* CabifyMobileChallenge */ = {
			isa = PBXGroup;
			children = (
				FED86DB929BD2F78004637E6 /* Info.plist */,
				FEF3734929B7F1B900291A19 /* Data */,
				FEF3734A29B7F1BF00291A19 /* Domain */,
				FEF3734B29B7F1CA00291A19 /* Presentation */,
				FEF3731F29B7EF5200291A19 /* CabifyMobileChallengeApp.swift */,
				FEF3732329B7EF5500291A19 /* Assets.xcassets */,
				FEF3732529B7EF5500291A19 /* Preview Content */,
				FE24146029BA484A00CE63F4 /* Factory.swift */,
			);
			path = CabifyMobileChallenge;
			sourceTree = "<group>";
		};
		FEF3732529B7EF5500291A19 /* Preview Content */ = {
			isa = PBXGroup;
			children = (
				FEF3732629B7EF5500291A19 /* Preview Assets.xcassets */,
			);
			path = "Preview Content";
			sourceTree = "<group>";
		};
		FEF3732F29B7EF5600291A19 /* CabifyMobileChallengeTests */ = {
			isa = PBXGroup;
			children = (
				FEBFF2BD29BC9A780056E397 /* Data */,
				FEBFF2BC29BC9A710056E397 /* Domain */,
				FEBFF2BB29BC9A6B0056E397 /* Presentation */,
				FEBFF2BA29BC9A5D0056E397 /* Utils */,
			);
			path = CabifyMobileChallengeTests;
			sourceTree = "<group>";
		};
		FEF3734929B7F1B900291A19 /* Data */ = {
			isa = PBXGroup;
			children = (
				FEF3734D29B7F37800291A19 /* ApiClient */,
				FEF3734E29B7F38800291A19 /* Dto */,
				FEF3735429B7F45E00291A19 /* Mappers */,
				FEF3734C29B7F36A00291A19 /* Repositories */,
			);
			path = Data;
			sourceTree = "<group>";
		};
		FEF3734A29B7F1BF00291A19 /* Domain */ = {
			isa = PBXGroup;
			children = (
				FEF3735029B7F3AB00291A19 /* Models */,
				FE24145929BA44D200CE63F4 /* Repositories */,
				FEF3734F29B7F3A600291A19 /* UseCases */,
			);
			path = Domain;
			sourceTree = "<group>";
		};
		FEF3734B29B7F1CA00291A19 /* Presentation */ = {
			isa = PBXGroup;
			children = (
				FEF3735129B7F41600291A19 /* Router */,
				FE24148229BA93F200CE63F4 /* Utils */,
				FEF3735529B7F47500291A19 /* Views */,
			);
			path = Presentation;
			sourceTree = "<group>";
		};
		FEF3734C29B7F36A00291A19 /* Repositories */ = {
			isa = PBXGroup;
			children = (
				FEE0177629BBE75F003D8E17 /* OrderRepository */,
				FE24148B29BA96C500CE63F4 /* ProductsRepository */,
			);
			path = Repositories;
			sourceTree = "<group>";
		};
		FEF3734D29B7F37800291A19 /* ApiClient */ = {
			isa = PBXGroup;
			children = (
				FEF3736929B7FA0400291A19 /* ApiClient.swift */,
				FEF3736B29B7FA3B00291A19 /* UrlSessionApiClient.swift */,
			);
			path = ApiClient;
			sourceTree = "<group>";
		};
		FEF3734E29B7F38800291A19 /* Dto */ = {
			isa = PBXGroup;
			children = (
				FEF3736F29B7FB3500291A19 /* ProductDto.swift */,
				FE24146829BA4A3100CE63F4 /* ProductListDto.swift */,
			);
			path = Dto;
			sourceTree = "<group>";
		};
		FEF3734F29B7F3A600291A19 /* UseCases */ = {
			isa = PBXGroup;
			children = (
				FEE0178929BC0466003D8E17 /* GetDiscountsOfOrderItemUseCase.swift */,
				FEE0178129BBF2BC003D8E17 /* LoadOrderUseCaseImpl.swift */,
				FE24146E29BA4F6700CE63F4 /* LoadProductsUseCaseImpl.swift */,
				FEE0177429BBE416003D8E17 /* SaveOrderUseCaseImpl.swift */,
			);
			path = UseCases;
			sourceTree = "<group>";
		};
		FEF3735029B7F3AB00291A19 /* Models */ = {
			isa = PBXGroup;
			children = (
				FE24145529BA442E00CE63F4 /* BulkDiscount.swift */,
				FEF3736D29B7FAF600291A19 /* CabifyError.swift */,
				FED58F1E29BB7E0A00016CF9 /* DiscountStrategy.swift */,
				FE24148529BA963800CE63F4 /* Order.swift */,
				FE24148729BA965C00CE63F4 /* OrderItem.swift */,
				FEE0178729BC03F9003D8E17 /* OrderItemDiscount.swift */,
				FE24145329BA41B400CE63F4 /* PackDiscount.swift */,
				FE24145C29BA453500CE63F4 /* Product.swift */,
				FE24145E29BA45EF00CE63F4 /* ProductType.swift */,
			);
			path = Models;
			sourceTree = "<group>";
		};
		FEF3735129B7F41600291A19 /* Router */ = {
			isa = PBXGroup;
			children = (
				FE24147029BA533E00CE63F4 /* AppCoordinator.swift */,
				FE24147229BA535B00CE63F4 /* MainCoordinator.swift */,
			);
			path = Router;
			sourceTree = "<group>";
		};
		FEF3735429B7F45E00291A19 /* Mappers */ = {
			isa = PBXGroup;
			children = (
				FE24146629BA49C600CE63F4 /* DtoMapper.swift */,
				FEE0177F29BBEA00003D8E17 /* LocalMapper.swift */,
			);
			path = Mappers;
			sourceTree = "<group>";
		};
		FEF3735529B7F47500291A19 /* Views */ = {
			isa = PBXGroup;
			children = (
				FE24147529BA540400CE63F4 /* Checkout */,
				FE24147429BA53F700CE63F4 /* ProductList */,
				FE24147A29BA557C00CE63F4 /* ScreenStatus.swift */,
			);
			path = Views;
			sourceTree = "<group>";
		};
/* End PBXGroup section */

/* Begin PBXNativeTarget section */
		FEF3731B29B7EF5200291A19 /* CabifyMobileChallenge */ = {
			isa = PBXNativeTarget;
			buildConfigurationList = FEF3734029B7EF5600291A19 /* Build configuration list for PBXNativeTarget "CabifyMobileChallenge" */;
			buildPhases = (
				145F8787C37A8C4FB87447BA /* [CP] Check Pods Manifest.lock */,
				FEF3731829B7EF5200291A19 /* Sources */,
				FEF3731929B7EF5200291A19 /* Frameworks */,
				FEF3731A29B7EF5200291A19 /* Resources */,
				FEF3735629B7F56B00291A19 /* SwiftLint */,
			);
			buildRules = (
			);
			dependencies = (
			);
			name = CabifyMobileChallenge;
			packageProductDependencies = (
				FEF3735829B7F64200291A19 /* Factory */,
				FEF3735B29B7F65800291A19 /* Stinsen */,
			);
			productName = CabifyMobileChallenge;
			productReference = FEF3731C29B7EF5200291A19 /* CabifyMobileChallenge.app */;
			productType = "com.apple.product-type.application";
		};
		FEF3732B29B7EF5600291A19 /* CabifyMobileChallengeTests */ = {
			isa = PBXNativeTarget;
			buildConfigurationList = FEF3734329B7EF5600291A19 /* Build configuration list for PBXNativeTarget "CabifyMobileChallengeTests" */;
			buildPhases = (
				C093194585E73560EF9E9CB5 /* [CP] Check Pods Manifest.lock */,
				FEF3732829B7EF5600291A19 /* Sources */,
				FEF3732929B7EF5600291A19 /* Frameworks */,
				FEF3732A29B7EF5600291A19 /* Resources */,
			);
			buildRules = (
			);
			dependencies = (
				FEF3732E29B7EF5600291A19 /* PBXTargetDependency */,
			);
			name = CabifyMobileChallengeTests;
			packageProductDependencies = (
				FEBFF2EB29BCA6330056E397 /* SnapshotTesting */,
				FEBFF2F829BCB42C0056E397 /* OHHTTPStubs */,
				FEBFF2FA29BCB42C0056E397 /* OHHTTPStubsSwift */,
				FED86D8B29BCBFCA004637E6 /* Quick */,
				FED86D9A29BCC2D7004637E6 /* Nimble */,
			);
			productName = CabifyMobileChallengeTests;
			productReference = FEF3732C29B7EF5600291A19 /* CabifyMobileChallengeTests.xctest */;
			productType = "com.apple.product-type.bundle.unit-test";
		};
/* End PBXNativeTarget section */

/* Begin PBXProject section */
		FEF3731429B7EF5200291A19 /* Project object */ = {
			isa = PBXProject;
			attributes = {
				BuildIndependentTargetsInParallel = 1;
				LastSwiftUpdateCheck = 1420;
				LastUpgradeCheck = 1420;
				TargetAttributes = {
					FEF3731B29B7EF5200291A19 = {
						CreatedOnToolsVersion = 14.2;
					};
					FEF3732B29B7EF5600291A19 = {
						CreatedOnToolsVersion = 14.2;
						TestTargetID = FEF3731B29B7EF5200291A19;
					};
				};
			};
			buildConfigurationList = FEF3731729B7EF5200291A19 /* Build configuration list for PBXProject "CabifyMobileChallenge" */;
			compatibilityVersion = "Xcode 14.0";
			developmentRegion = en;
			hasScannedForEncodings = 0;
			knownRegions = (
				en,
				Base,
			);
			mainGroup = FEF3731329B7EF5200291A19;
			packageReferences = (
				FEF3735729B7F64200291A19 /* XCRemoteSwiftPackageReference "Factory" */,
				FEF3735A29B7F65800291A19 /* XCRemoteSwiftPackageReference "stinsen" */,
				FEBFF2EA29BCA6330056E397 /* XCRemoteSwiftPackageReference "swift-snapshot-testing" */,
				FEBFF2F729BCB42C0056E397 /* XCRemoteSwiftPackageReference "OHHTTPStubs" */,
				FED86D8A29BCBFCA004637E6 /* XCRemoteSwiftPackageReference "Quick" */,
				FED86D9929BCC2D7004637E6 /* XCRemoteSwiftPackageReference "Nimble" */,
			);
			productRefGroup = FEF3731D29B7EF5200291A19 /* Products */;
			projectDirPath = "";
			projectRoot = "";
			targets = (
				FEF3731B29B7EF5200291A19 /* CabifyMobileChallenge */,
				FEF3732B29B7EF5600291A19 /* CabifyMobileChallengeTests */,
			);
		};
/* End PBXProject section */

/* Begin PBXResourcesBuildPhase section */
		FEF3731A29B7EF5200291A19 /* Resources */ = {
			isa = PBXResourcesBuildPhase;
			buildActionMask = 2147483647;
			files = (
				FEF3732729B7EF5500291A19 /* Preview Assets.xcassets in Resources */,
				FEF3732429B7EF5500291A19 /* Assets.xcassets in Resources */,
			);
			runOnlyForDeploymentPostprocessing = 0;
		};
		FEF3732A29B7EF5600291A19 /* Resources */ = {
			isa = PBXResourcesBuildPhase;
			buildActionMask = 2147483647;
			files = (
				FED86D8E29BCC0D0004637E6 /* product_list.json in Resources */,
			);
			runOnlyForDeploymentPostprocessing = 0;
		};
/* End PBXResourcesBuildPhase section */

/* Begin PBXShellScriptBuildPhase section */
		145F8787C37A8C4FB87447BA /* [CP] Check Pods Manifest.lock */ = {
			isa = PBXShellScriptBuildPhase;
			buildActionMask = 2147483647;
			files = (
			);
			inputFileListPaths = (
			);
			inputPaths = (
				"${PODS_PODFILE_DIR_PATH}/Podfile.lock",
				"${PODS_ROOT}/Manifest.lock",
			);
			name = "[CP] Check Pods Manifest.lock";
			outputFileListPaths = (
			);
			outputPaths = (
				"$(DERIVED_FILE_DIR)/Pods-CabifyMobileChallenge-checkManifestLockResult.txt",
			);
			runOnlyForDeploymentPostprocessing = 0;
			shellPath = /bin/sh;
			shellScript = "diff \"${PODS_PODFILE_DIR_PATH}/Podfile.lock\" \"${PODS_ROOT}/Manifest.lock\" > /dev/null\nif [ $? != 0 ] ; then\n    # print error to STDERR\n    echo \"error: The sandbox is not in sync with the Podfile.lock. Run 'pod install' or update your CocoaPods installation.\" >&2\n    exit 1\nfi\n# This output is used by Xcode 'outputs' to avoid re-running this script phase.\necho \"SUCCESS\" > \"${SCRIPT_OUTPUT_FILE_0}\"\n";
			showEnvVarsInLog = 0;
		};
		C093194585E73560EF9E9CB5 /* [CP] Check Pods Manifest.lock */ = {
			isa = PBXShellScriptBuildPhase;
			buildActionMask = 2147483647;
			files = (
			);
			inputFileListPaths = (
			);
			inputPaths = (
				"${PODS_PODFILE_DIR_PATH}/Podfile.lock",
				"${PODS_ROOT}/Manifest.lock",
			);
			name = "[CP] Check Pods Manifest.lock";
			outputFileListPaths = (
			);
			outputPaths = (
				"$(DERIVED_FILE_DIR)/Pods-CabifyMobileChallengeTests-checkManifestLockResult.txt",
			);
			runOnlyForDeploymentPostprocessing = 0;
			shellPath = /bin/sh;
			shellScript = "diff \"${PODS_PODFILE_DIR_PATH}/Podfile.lock\" \"${PODS_ROOT}/Manifest.lock\" > /dev/null\nif [ $? != 0 ] ; then\n    # print error to STDERR\n    echo \"error: The sandbox is not in sync with the Podfile.lock. Run 'pod install' or update your CocoaPods installation.\" >&2\n    exit 1\nfi\n# This output is used by Xcode 'outputs' to avoid re-running this script phase.\necho \"SUCCESS\" > \"${SCRIPT_OUTPUT_FILE_0}\"\n";
			showEnvVarsInLog = 0;
		};
		FEF3735629B7F56B00291A19 /* SwiftLint */ = {
			isa = PBXShellScriptBuildPhase;
			alwaysOutOfDate = 1;
			buildActionMask = 2147483647;
			files = (
			);
			inputFileListPaths = (
			);
			inputPaths = (
			);
			name = SwiftLint;
			outputFileListPaths = (
			);
			outputPaths = (
			);
			runOnlyForDeploymentPostprocessing = 0;
			shellPath = /bin/sh;
			shellScript = "${PODS_ROOT}/SwiftLint/swiftlint\n";
		};
/* End PBXShellScriptBuildPhase section */

/* Begin PBXSourcesBuildPhase section */
		FEF3731829B7EF5200291A19 /* Sources */ = {
			isa = PBXSourcesBuildPhase;
			buildActionMask = 2147483647;
			files = (
				FE24147D29BA55A600CE63F4 /* ProductUIModel.swift in Sources */,
				FEE0177829BBE77A003D8E17 /* OrderRepository.swift in Sources */,
				FE24147729BA543E00CE63F4 /* ProductListView.swift in Sources */,
				FEF3736C29B7FA3B00291A19 /* UrlSessionApiClient.swift in Sources */,
				FEE0177C29BBE832003D8E17 /* OrderDataSource.swift in Sources */,
				FEE0177A29BBE7E4003D8E17 /* OrderRepositoryImpl.swift in Sources */,
				FE24147329BA535B00CE63F4 /* MainCoordinator.swift in Sources */,
				FEE0178A29BC0466003D8E17 /* GetDiscountsOfOrderItemUseCase.swift in Sources */,
				FE24145B29BA44E000CE63F4 /* ProductsRepository.swift in Sources */,
				FE24146529BA48B900CE63F4 /* ProductsDataSource.swift in Sources */,
				FE24145429BA41B400CE63F4 /* PackDiscount.swift in Sources */,
				FEF3737029B7FB3500291A19 /* ProductDto.swift in Sources */,
				FED58F2129BB888500016CF9 /* DiscountUIModel.swift in Sources */,
				FE24146729BA49C600CE63F4 /* DtoMapper.swift in Sources */,
				FE24147B29BA557C00CE63F4 /* ScreenStatus.swift in Sources */,
				FE24146F29BA4F6700CE63F4 /* LoadProductsUseCaseImpl.swift in Sources */,
				FE24148129BA5B8500CE63F4 /* CheckoutViewModel.swift in Sources */,
				FE24146129BA484A00CE63F4 /* Factory.swift in Sources */,
				FE24145D29BA453500CE63F4 /* Product.swift in Sources */,
				FE24146329BA48A600CE63F4 /* ProductsApiDataSource.swift in Sources */,
				FE24145629BA442E00CE63F4 /* BulkDiscount.swift in Sources */,
				FE24148829BA965C00CE63F4 /* OrderItem.swift in Sources */,
				FEE0178829BC03F9003D8E17 /* OrderItemDiscount.swift in Sources */,
				FED58F1F29BB7E0A00016CF9 /* DiscountStrategy.swift in Sources */,
				FEE0177E29BBE88C003D8E17 /* OrderLocalDataSource.swift in Sources */,
				FEE0178229BBF2BC003D8E17 /* LoadOrderUseCaseImpl.swift in Sources */,
				FE24147929BA54FC00CE63F4 /* ProductListViewModel.swift in Sources */,
				FE24148429BA940100CE63F4 /* CurrencyUtils.swift in Sources */,
				FE24147129BA533E00CE63F4 /* AppCoordinator.swift in Sources */,
				FEF3736E29B7FAF600291A19 /* CabifyError.swift in Sources */,
				FEE0178429BBF3E1003D8E17 /* OrderItemUIModel.swift in Sources */,
				FEF3732029B7EF5200291A19 /* CabifyMobileChallengeApp.swift in Sources */,
				FE24147F29BA5B7D00CE63F4 /* CheckoutView.swift in Sources */,
				FE24146929BA4A3100CE63F4 /* ProductListDto.swift in Sources */,
				FE24145829BA44A800CE63F4 /* ProductsRepositoryImpl.swift in Sources */,
				FEF3736A29B7FA0400291A19 /* ApiClient.swift in Sources */,
				FEE0178029BBEA00003D8E17 /* LocalMapper.swift in Sources */,
				FE24145F29BA45EF00CE63F4 /* ProductType.swift in Sources */,
				FEE0177529BBE416003D8E17 /* SaveOrderUseCaseImpl.swift in Sources */,
				FE24148629BA963800CE63F4 /* Order.swift in Sources */,
			);
			runOnlyForDeploymentPostprocessing = 0;
		};
		FEF3732829B7EF5600291A19 /* Sources */ = {
			isa = PBXSourcesBuildPhase;
			buildActionMask = 2147483647;
			files = (
				FED86D9829BCC1DB004637E6 /* OrderItemUIModel.swift in Sources */,
				FED86D9C29BCC470004637E6 /* MainCoordinator.swift in Sources */,
				FEBFF2D429BC9FE50056E397 /* OrderItemDiscount.swift in Sources */,
				FED86D9729BCC1DB004637E6 /* ScreenStatus.swift in Sources */,
				FED86DB029BCEDEE004637E6 /* ProductListViewModelSpec.swift in Sources */,
				FEBFF2C629BC9FB50056E397 /* CabifyError.swift in Sources */,
				FED86D9D29BCC479004637E6 /* AppCoordinator.swift in Sources */,
				FEBFF2D729BC9FE50056E397 /* OrderItem.swift in Sources */,
				FEBFF2D629BC9FE50056E397 /* Order.swift in Sources */,
				FED86D8F29BCC1C2004637E6 /* BulkDiscount.swift in Sources */,
				FED86D8429BCB4C5004637E6 /* Factory.swift in Sources */,
				FED86D9E29BCC4F1004637E6 /* CurrencyUtils.swift in Sources */,
				FEBFF2CB29BC9FC60056E397 /* ApiClient.swift in Sources */,
				FEBFF2CE29BC9FCE0056E397 /* ProductsRepository.swift in Sources */,
				FED86DB229BCFB93004637E6 /* CheckoutViewModeSpec.swift in Sources */,
				FEBFF2CA29BC9FC60056E397 /* OrderRepositoryImpl.swift in Sources */,
				FED86D9F29BCC500004637E6 /* CabifyMobileChallengeApp.swift in Sources */,
				FEBFF2C229BC9E4F0056E397 /* Mocks.swift in Sources */,
				FEBFF2F129BCA7300056E397 /* OrderRepositorySpec.swift in Sources */,
				FED86D9429BCC1DB004637E6 /* DiscountUIModel.swift in Sources */,
				FEBFF2D029BC9FCE0056E397 /* LoadOrderUseCaseImpl.swift in Sources */,
				FED86DB829BD0CB6004637E6 /* CheckoutViewSnapshotSpec.swift in Sources */,
				FED86DA929BCDF9B004637E6 /* GetDiscountsOfOrderItemUseCaseSpec.swift in Sources */,
				FEBFF2D129BC9FCE0056E397 /* SaveOrderUseCaseImpl.swift in Sources */,
				FED86D9529BCC1DB004637E6 /* ProductListView.swift in Sources */,
				FEBFF2DD29BCA18A0056E397 /* ProductListDto.swift in Sources */,
				FED86DA529BCCEE7004637E6 /* PackDiscountSpec.swift in Sources */,
				FED86D9329BCC1DB004637E6 /* ProductListViewModel.swift in Sources */,
				FED86D9129BCC1DB004637E6 /* CheckoutViewModel.swift in Sources */,
				FEBFF2DB29BCA14B0056E397 /* UrlSessionApiClientSpec.swift in Sources */,
				FEBFF2E029BCA18A0056E397 /* UrlSessionApiClient.swift in Sources */,
				FED86D9229BCC1DB004637E6 /* CheckoutView.swift in Sources */,
				FEBFF2CC29BC9FC60056E397 /* ProductsRepositoryImpl.swift in Sources */,
				FEBFF2DC29BCA18A0056E397 /* ProductDto.swift in Sources */,
				FED86DB629BD051D004637E6 /* ProductListViewSnapshotSpec.swift in Sources */,
				FED86DB429BD0233004637E6 /* LoadOrderUseCaseSpec.swift in Sources */,
				FEBFF2F329BCB1A40056E397 /* ProductsRepositorySpec.swift in Sources */,
				FED86D9029BCC1C2004637E6 /* PackDiscount.swift in Sources */,
				FED86DA729BCD778004637E6 /* BulkDiscountSpec.swift in Sources */,
				FEBFF2D929BC9FE50056E397 /* Product.swift in Sources */,
				FED86D9629BCC1DB004637E6 /* ProductUIModel.swift in Sources */,
				FEBFF2D529BC9FE50056E397 /* DiscountStrategy.swift in Sources */,
				FED86DAB29BCE346004637E6 /* LoadProductsUseCaseSpec.swift in Sources */,
				FEBFF2D829BC9FE50056E397 /* ProductType.swift in Sources */,
				FEBFF2CF29BC9FCE0056E397 /* GetDiscountsOfOrderItemUseCase.swift in Sources */,
				FEBFF2CD29BC9FC60056E397 /* ProductsDataSource.swift in Sources */,
				FEBFF2DF29BCA18A0056E397 /* LocalMapper.swift in Sources */,
				FEBFF2C829BC9FC60056E397 /* ProductsApiDataSource.swift in Sources */,
				FEBFF2D229BC9FCE0056E397 /* OrderRepository.swift in Sources */,
				FEBFF2DE29BCA18A0056E397 /* DtoMapper.swift in Sources */,
				FEBFF2D329BC9FCE0056E397 /* LoadProductsUseCaseImpl.swift in Sources */,
				FEBFF2C929BC9FC60056E397 /* OrderDataSource.swift in Sources */,
				FED86DAE29BCEAD2004637E6 /* CurrencyUtilsSpec.swift in Sources */,
				FEBFF2C529BC9F5E0056E397 /* ObjectMother.swift in Sources */,
				FEBFF2C729BC9FC60056E397 /* OrderLocalDataSource.swift in Sources */,
			);
			runOnlyForDeploymentPostprocessing = 0;
		};
/* End PBXSourcesBuildPhase section */

/* Begin PBXTargetDependency section */
		FEF3732E29B7EF5600291A19 /* PBXTargetDependency */ = {
			isa = PBXTargetDependency;
			target = FEF3731B29B7EF5200291A19 /* CabifyMobileChallenge */;
			targetProxy = FEF3732D29B7EF5600291A19 /* PBXContainerItemProxy */;
		};
/* End PBXTargetDependency section */

/* Begin XCBuildConfiguration section */
		FEF3733E29B7EF5600291A19 /* Debug */ = {
			isa = XCBuildConfiguration;
			buildSettings = {
				ALWAYS_SEARCH_USER_PATHS = NO;
				CLANG_ANALYZER_NONNULL = YES;
				CLANG_ANALYZER_NUMBER_OBJECT_CONVERSION = YES_AGGRESSIVE;
				CLANG_CXX_LANGUAGE_STANDARD = "gnu++20";
				CLANG_ENABLE_MODULES = YES;
				CLANG_ENABLE_OBJC_ARC = YES;
				CLANG_ENABLE_OBJC_WEAK = YES;
				CLANG_WARN_BLOCK_CAPTURE_AUTORELEASING = YES;
				CLANG_WARN_BOOL_CONVERSION = YES;
				CLANG_WARN_COMMA = YES;
				CLANG_WARN_CONSTANT_CONVERSION = YES;
				CLANG_WARN_DEPRECATED_OBJC_IMPLEMENTATIONS = YES;
				CLANG_WARN_DIRECT_OBJC_ISA_USAGE = YES_ERROR;
				CLANG_WARN_DOCUMENTATION_COMMENTS = YES;
				CLANG_WARN_EMPTY_BODY = YES;
				CLANG_WARN_ENUM_CONVERSION = YES;
				CLANG_WARN_INFINITE_RECURSION = YES;
				CLANG_WARN_INT_CONVERSION = YES;
				CLANG_WARN_NON_LITERAL_NULL_CONVERSION = YES;
				CLANG_WARN_OBJC_IMPLICIT_RETAIN_SELF = YES;
				CLANG_WARN_OBJC_LITERAL_CONVERSION = YES;
				CLANG_WARN_OBJC_ROOT_CLASS = YES_ERROR;
				CLANG_WARN_QUOTED_INCLUDE_IN_FRAMEWORK_HEADER = YES;
				CLANG_WARN_RANGE_LOOP_ANALYSIS = YES;
				CLANG_WARN_STRICT_PROTOTYPES = YES;
				CLANG_WARN_SUSPICIOUS_MOVE = YES;
				CLANG_WARN_UNGUARDED_AVAILABILITY = YES_AGGRESSIVE;
				CLANG_WARN_UNREACHABLE_CODE = YES;
				CLANG_WARN__DUPLICATE_METHOD_MATCH = YES;
				COPY_PHASE_STRIP = NO;
				DEBUG_INFORMATION_FORMAT = dwarf;
				ENABLE_STRICT_OBJC_MSGSEND = YES;
				ENABLE_TESTABILITY = YES;
				GCC_C_LANGUAGE_STANDARD = gnu11;
				GCC_DYNAMIC_NO_PIC = NO;
				GCC_NO_COMMON_BLOCKS = YES;
				GCC_OPTIMIZATION_LEVEL = 0;
				GCC_PREPROCESSOR_DEFINITIONS = (
					"DEBUG=1",
					"$(inherited)",
				);
				GCC_WARN_64_TO_32_BIT_CONVERSION = YES;
				GCC_WARN_ABOUT_RETURN_TYPE = YES_ERROR;
				GCC_WARN_UNDECLARED_SELECTOR = YES;
				GCC_WARN_UNINITIALIZED_AUTOS = YES_AGGRESSIVE;
				GCC_WARN_UNUSED_FUNCTION = YES;
				GCC_WARN_UNUSED_VARIABLE = YES;
				IPHONEOS_DEPLOYMENT_TARGET = 16.2;
				MTL_ENABLE_DEBUG_INFO = INCLUDE_SOURCE;
				MTL_FAST_MATH = YES;
				ONLY_ACTIVE_ARCH = YES;
				SDKROOT = iphoneos;
				SWIFT_ACTIVE_COMPILATION_CONDITIONS = DEBUG;
				SWIFT_OPTIMIZATION_LEVEL = "-Onone";
			};
			name = Debug;
		};
		FEF3733F29B7EF5600291A19 /* Release */ = {
			isa = XCBuildConfiguration;
			buildSettings = {
				ALWAYS_SEARCH_USER_PATHS = NO;
				CLANG_ANALYZER_NONNULL = YES;
				CLANG_ANALYZER_NUMBER_OBJECT_CONVERSION = YES_AGGRESSIVE;
				CLANG_CXX_LANGUAGE_STANDARD = "gnu++20";
				CLANG_ENABLE_MODULES = YES;
				CLANG_ENABLE_OBJC_ARC = YES;
				CLANG_ENABLE_OBJC_WEAK = YES;
				CLANG_WARN_BLOCK_CAPTURE_AUTORELEASING = YES;
				CLANG_WARN_BOOL_CONVERSION = YES;
				CLANG_WARN_COMMA = YES;
				CLANG_WARN_CONSTANT_CONVERSION = YES;
				CLANG_WARN_DEPRECATED_OBJC_IMPLEMENTATIONS = YES;
				CLANG_WARN_DIRECT_OBJC_ISA_USAGE = YES_ERROR;
				CLANG_WARN_DOCUMENTATION_COMMENTS = YES;
				CLANG_WARN_EMPTY_BODY = YES;
				CLANG_WARN_ENUM_CONVERSION = YES;
				CLANG_WARN_INFINITE_RECURSION = YES;
				CLANG_WARN_INT_CONVERSION = YES;
				CLANG_WARN_NON_LITERAL_NULL_CONVERSION = YES;
				CLANG_WARN_OBJC_IMPLICIT_RETAIN_SELF = YES;
				CLANG_WARN_OBJC_LITERAL_CONVERSION = YES;
				CLANG_WARN_OBJC_ROOT_CLASS = YES_ERROR;
				CLANG_WARN_QUOTED_INCLUDE_IN_FRAMEWORK_HEADER = YES;
				CLANG_WARN_RANGE_LOOP_ANALYSIS = YES;
				CLANG_WARN_STRICT_PROTOTYPES = YES;
				CLANG_WARN_SUSPICIOUS_MOVE = YES;
				CLANG_WARN_UNGUARDED_AVAILABILITY = YES_AGGRESSIVE;
				CLANG_WARN_UNREACHABLE_CODE = YES;
				CLANG_WARN__DUPLICATE_METHOD_MATCH = YES;
				COPY_PHASE_STRIP = NO;
				DEBUG_INFORMATION_FORMAT = "dwarf-with-dsym";
				ENABLE_NS_ASSERTIONS = NO;
				ENABLE_STRICT_OBJC_MSGSEND = YES;
				GCC_C_LANGUAGE_STANDARD = gnu11;
				GCC_NO_COMMON_BLOCKS = YES;
				GCC_WARN_64_TO_32_BIT_CONVERSION = YES;
				GCC_WARN_ABOUT_RETURN_TYPE = YES_ERROR;
				GCC_WARN_UNDECLARED_SELECTOR = YES;
				GCC_WARN_UNINITIALIZED_AUTOS = YES_AGGRESSIVE;
				GCC_WARN_UNUSED_FUNCTION = YES;
				GCC_WARN_UNUSED_VARIABLE = YES;
				IPHONEOS_DEPLOYMENT_TARGET = 16.2;
				MTL_ENABLE_DEBUG_INFO = NO;
				MTL_FAST_MATH = YES;
				SDKROOT = iphoneos;
				SWIFT_COMPILATION_MODE = wholemodule;
				SWIFT_OPTIMIZATION_LEVEL = "-O";
				VALIDATE_PRODUCT = YES;
			};
			name = Release;
		};
		FEF3734129B7EF5600291A19 /* Debug */ = {
			isa = XCBuildConfiguration;
			baseConfigurationReference = 8F8A81AB508DC687685ED1B8 /* Pods-CabifyMobileChallenge.debug.xcconfig */;
			buildSettings = {
				ASSETCATALOG_COMPILER_APPICON_NAME = AppIcon;
				ASSETCATALOG_COMPILER_GLOBAL_ACCENT_COLOR_NAME = AccentColor;
				CODE_SIGN_STYLE = Automatic;
				CURRENT_PROJECT_VERSION = 1;
				DEVELOPMENT_ASSET_PATHS = "\"CabifyMobileChallenge/Preview Content\"";
				DEVELOPMENT_TEAM = SVW6HF2MTV;
				ENABLE_PREVIEWS = YES;
				GENERATE_INFOPLIST_FILE = YES;
				INFOPLIST_FILE = CabifyMobileChallenge/Info.plist;
				INFOPLIST_KEY_UIApplicationSupportsIndirectInputEvents = YES;
				INFOPLIST_KEY_UILaunchScreen_Generation = YES;
				INFOPLIST_KEY_UISupportedInterfaceOrientations_iPad = "UIInterfaceOrientationPortrait UIInterfaceOrientationPortraitUpsideDown UIInterfaceOrientationLandscapeLeft UIInterfaceOrientationLandscapeRight";
				INFOPLIST_KEY_UISupportedInterfaceOrientations_iPhone = "UIInterfaceOrientationPortrait UIInterfaceOrientationLandscapeLeft UIInterfaceOrientationLandscapeRight";
				LD_RUNPATH_SEARCH_PATHS = (
					"$(inherited)",
					"@executable_path/Frameworks",
				);
				MARKETING_VERSION = 1.0;
				PRODUCT_BUNDLE_IDENTIFIER = com.yeniellandestoy.CabifyMobileChallenge;
				PRODUCT_NAME = "$(TARGET_NAME)";
				SWIFT_EMIT_LOC_STRINGS = YES;
				SWIFT_VERSION = 5.0;
				TARGETED_DEVICE_FAMILY = "1,2";
			};
			name = Debug;
		};
		FEF3734229B7EF5600291A19 /* Release */ = {
			isa = XCBuildConfiguration;
			baseConfigurationReference = 73F46BF1D1EE6D282D09C76D /* Pods-CabifyMobileChallenge.release.xcconfig */;
			buildSettings = {
				ASSETCATALOG_COMPILER_APPICON_NAME = AppIcon;
				ASSETCATALOG_COMPILER_GLOBAL_ACCENT_COLOR_NAME = AccentColor;
				CODE_SIGN_STYLE = Automatic;
				CURRENT_PROJECT_VERSION = 1;
				DEVELOPMENT_ASSET_PATHS = "\"CabifyMobileChallenge/Preview Content\"";
				DEVELOPMENT_TEAM = SVW6HF2MTV;
				ENABLE_PREVIEWS = YES;
				GENERATE_INFOPLIST_FILE = YES;
				INFOPLIST_FILE = CabifyMobileChallenge/Info.plist;
				INFOPLIST_KEY_UIApplicationSupportsIndirectInputEvents = YES;
				INFOPLIST_KEY_UILaunchScreen_Generation = YES;
				INFOPLIST_KEY_UISupportedInterfaceOrientations_iPad = "UIInterfaceOrientationPortrait UIInterfaceOrientationPortraitUpsideDown UIInterfaceOrientationLandscapeLeft UIInterfaceOrientationLandscapeRight";
				INFOPLIST_KEY_UISupportedInterfaceOrientations_iPhone = "UIInterfaceOrientationPortrait UIInterfaceOrientationLandscapeLeft UIInterfaceOrientationLandscapeRight";
				LD_RUNPATH_SEARCH_PATHS = (
					"$(inherited)",
					"@executable_path/Frameworks",
				);
				MARKETING_VERSION = 1.0;
				PRODUCT_BUNDLE_IDENTIFIER = com.yeniellandestoy.CabifyMobileChallenge;
				PRODUCT_NAME = "$(TARGET_NAME)";
				SWIFT_EMIT_LOC_STRINGS = YES;
				SWIFT_VERSION = 5.0;
				TARGETED_DEVICE_FAMILY = "1,2";
			};
			name = Release;
		};
		FEF3734429B7EF5600291A19 /* Debug */ = {
			isa = XCBuildConfiguration;
			baseConfigurationReference = 959CFF742BA1C35BBA97378A /* Pods-CabifyMobileChallengeTests.debug.xcconfig */;
			buildSettings = {
				ALWAYS_EMBED_SWIFT_STANDARD_LIBRARIES = YES;
				BUNDLE_LOADER = "$(TEST_HOST)";
				CODE_SIGN_STYLE = Automatic;
				CURRENT_PROJECT_VERSION = 1;
				DEVELOPMENT_TEAM = SVW6HF2MTV;
				GENERATE_INFOPLIST_FILE = YES;
				IPHONEOS_DEPLOYMENT_TARGET = 16.2;
				MARKETING_VERSION = 1.0;
				PRODUCT_BUNDLE_IDENTIFIER = com.yeniellandestoy.CabifyMobileChallengeTests;
				PRODUCT_NAME = "$(TARGET_NAME)";
				SWIFT_EMIT_LOC_STRINGS = NO;
				SWIFT_VERSION = 5.0;
				TARGETED_DEVICE_FAMILY = "1,2";
				TEST_HOST = "$(BUILT_PRODUCTS_DIR)/CabifyMobileChallenge.app/$(BUNDLE_EXECUTABLE_FOLDER_PATH)/CabifyMobileChallenge";
			};
			name = Debug;
		};
		FEF3734529B7EF5600291A19 /* Release */ = {
			isa = XCBuildConfiguration;
			baseConfigurationReference = E3EA5C9A09F0924C68737241 /* Pods-CabifyMobileChallengeTests.release.xcconfig */;
			buildSettings = {
				ALWAYS_EMBED_SWIFT_STANDARD_LIBRARIES = YES;
				BUNDLE_LOADER = "$(TEST_HOST)";
				CODE_SIGN_STYLE = Automatic;
				CURRENT_PROJECT_VERSION = 1;
				DEVELOPMENT_TEAM = SVW6HF2MTV;
				GENERATE_INFOPLIST_FILE = YES;
				IPHONEOS_DEPLOYMENT_TARGET = 16.2;
				MARKETING_VERSION = 1.0;
				PRODUCT_BUNDLE_IDENTIFIER = com.yeniellandestoy.CabifyMobileChallengeTests;
				PRODUCT_NAME = "$(TARGET_NAME)";
				SWIFT_EMIT_LOC_STRINGS = NO;
				SWIFT_VERSION = 5.0;
				TARGETED_DEVICE_FAMILY = "1,2";
				TEST_HOST = "$(BUILT_PRODUCTS_DIR)/CabifyMobileChallenge.app/$(BUNDLE_EXECUTABLE_FOLDER_PATH)/CabifyMobileChallenge";
			};
			name = Release;
		};
/* End XCBuildConfiguration section */

/* Begin XCConfigurationList section */
		FEF3731729B7EF5200291A19 /* Build configuration list for PBXProject "CabifyMobileChallenge" */ = {
			isa = XCConfigurationList;
			buildConfigurations = (
				FEF3733E29B7EF5600291A19 /* Debug */,
				FEF3733F29B7EF5600291A19 /* Release */,
			);
			defaultConfigurationIsVisible = 0;
			defaultConfigurationName = Release;
		};
		FEF3734029B7EF5600291A19 /* Build configuration list for PBXNativeTarget "CabifyMobileChallenge" */ = {
			isa = XCConfigurationList;
			buildConfigurations = (
				FEF3734129B7EF5600291A19 /* Debug */,
				FEF3734229B7EF5600291A19 /* Release */,
			);
			defaultConfigurationIsVisible = 0;
			defaultConfigurationName = Release;
		};
		FEF3734329B7EF5600291A19 /* Build configuration list for PBXNativeTarget "CabifyMobileChallengeTests" */ = {
			isa = XCConfigurationList;
			buildConfigurations = (
				FEF3734429B7EF5600291A19 /* Debug */,
				FEF3734529B7EF5600291A19 /* Release */,
			);
			defaultConfigurationIsVisible = 0;
			defaultConfigurationName = Release;
		};
/* End XCConfigurationList section */

/* Begin XCRemoteSwiftPackageReference section */
		FEBFF2EA29BCA6330056E397 /* XCRemoteSwiftPackageReference "swift-snapshot-testing" */ = {
			isa = XCRemoteSwiftPackageReference;
			repositoryURL = "https://github.com/pointfreeco/swift-snapshot-testing";
			requirement = {
				kind = upToNextMajorVersion;
				minimumVersion = 1.0.0;
			};
		};
		FEBFF2F729BCB42C0056E397 /* XCRemoteSwiftPackageReference "OHHTTPStubs" */ = {
			isa = XCRemoteSwiftPackageReference;
			repositoryURL = "https://github.com/AliSoftware/OHHTTPStubs";
			requirement = {
				kind = upToNextMajorVersion;
				minimumVersion = 9.0.0;
			};
		};
		FED86D8A29BCBFCA004637E6 /* XCRemoteSwiftPackageReference "Quick" */ = {
			isa = XCRemoteSwiftPackageReference;
			repositoryURL = "https://github.com/Quick/Quick.git";
			requirement = {
				kind = exactVersion;
				version = 5.0.1;
			};
		};
		FED86D9929BCC2D7004637E6 /* XCRemoteSwiftPackageReference "Nimble" */ = {
			isa = XCRemoteSwiftPackageReference;
			repositoryURL = "https://github.com/Quick/Nimble.git";
			requirement = {
				kind = exactVersion;
				version = 10.0.0;
			};
		};
		FEF3735729B7F64200291A19 /* XCRemoteSwiftPackageReference "Factory" */ = {
			isa = XCRemoteSwiftPackageReference;
			repositoryURL = "https://github.com/hmlongco/Factory";
			requirement = {
				kind = upToNextMajorVersion;
				minimumVersion = 2.0.0;
			};
		};
		FEF3735A29B7F65800291A19 /* XCRemoteSwiftPackageReference "stinsen" */ = {
			isa = XCRemoteSwiftPackageReference;
			repositoryURL = "https://github.com/rundfunk47/stinsen";
			requirement = {
				kind = upToNextMajorVersion;
				minimumVersion = 2.0.0;
			};
		};
/* End XCRemoteSwiftPackageReference section */

/* Begin XCSwiftPackageProductDependency section */
		FEBFF2EB29BCA6330056E397 /* SnapshotTesting */ = {
			isa = XCSwiftPackageProductDependency;
			package = FEBFF2EA29BCA6330056E397 /* XCRemoteSwiftPackageReference "swift-snapshot-testing" */;
			productName = SnapshotTesting;
		};
		FEBFF2F829BCB42C0056E397 /* OHHTTPStubs */ = {
			isa = XCSwiftPackageProductDependency;
			package = FEBFF2F729BCB42C0056E397 /* XCRemoteSwiftPackageReference "OHHTTPStubs" */;
			productName = OHHTTPStubs;
		};
		FEBFF2FA29BCB42C0056E397 /* OHHTTPStubsSwift */ = {
			isa = XCSwiftPackageProductDependency;
			package = FEBFF2F729BCB42C0056E397 /* XCRemoteSwiftPackageReference "OHHTTPStubs" */;
			productName = OHHTTPStubsSwift;
		};
		FED86D8B29BCBFCA004637E6 /* Quick */ = {
			isa = XCSwiftPackageProductDependency;
			package = FED86D8A29BCBFCA004637E6 /* XCRemoteSwiftPackageReference "Quick" */;
			productName = Quick;
		};
		FED86D9A29BCC2D7004637E6 /* Nimble */ = {
			isa = XCSwiftPackageProductDependency;
			package = FED86D9929BCC2D7004637E6 /* XCRemoteSwiftPackageReference "Nimble" */;
			productName = Nimble;
		};
		FEF3735829B7F64200291A19 /* Factory */ = {
			isa = XCSwiftPackageProductDependency;
			package = FEF3735729B7F64200291A19 /* XCRemoteSwiftPackageReference "Factory" */;
			productName = Factory;
		};
		FEF3735B29B7F65800291A19 /* Stinsen */ = {
			isa = XCSwiftPackageProductDependency;
			package = FEF3735A29B7F65800291A19 /* XCRemoteSwiftPackageReference "stinsen" */;
			productName = Stinsen;
		};
/* End XCSwiftPackageProductDependency section */
	};
	rootObject = FEF3731429B7EF5200291A19 /* Project object */;
}
